Microsoft Visual Studio Solution File, Format Version 12.00
# Visual Studio Version 17
VisualStudioVersion = 17.5.2.0
MinimumVisualStudioVersion = 10.0.40219.1
Project("{2150E333-8FDC-42A3-9474-1A3956D46DE8}") = "tasks-service", "tasks-service", "{092163B0-74F7-0EBC-872E-892A0C14635B}"
EndProject
Project("{FAE04EC0-301F-11D3-BF4B-00C04F79EFBC}") = "TasksService", "tasks-service\TasksService.csproj", "{AC6B0D89-1111-A035-6184-A20F8035A9D9}"
EndProject
Global
	GlobalSection(SolutionConfigurationPlatforms) = preSolution
		Debug|Any CPU = Debug|Any CPU
		Release|Any CPU = Release|Any CPU
	EndGlobalSection
	GlobalSection(ProjectConfigurationPlatforms) = postSolution
		{AC6B0D89-1111-A035-6184-A20F8035A9D9}.Debug|Any CPU.ActiveCfg = Debug|Any CPU
		{AC6B0D89-1111-A035-6184-A20F8035A9D9}.Debug|Any CPU.Build.0 = Debug|Any CPU
		{AC6B0D89-1111-A035-6184-A20F8035A9D9}.Release|Any CPU.ActiveCfg = Release|Any CPU
		{AC6B0D89-1111-A035-6184-A20F8035A9D9}.Release|Any CPU.Build.0 = Release|Any CPU
	EndGlobalSection
	GlobalSection(SolutionProperties) = preSolution
		HideSolutionNode = FALSE
	EndGlobalSection
	GlobalSection(NestedProjects) = preSolution
		{AC6B0D89-1111-A035-6184-A20F8035A9D9} = {092163B0-74F7-0EBC-872E-892A0C14635B}
	EndGlobalSection
	GlobalSection(ExtensibilityGlobals) = postSolution
		SolutionGuid = {4EE615C7-841D-40EF-AF31-A0F2291D1EC3}
	EndGlobalSection
EndGlobal
